{
  "name": "iat339_finalportfolio",
  "version": "1.0.0",
  "lockfileVersion": 1,
  "requires": true,
  "dependencies": {
    "@studio-freight/lenis": {
      "version": "0.2.26",
      "resolved": "https://registry.npmjs.org/@studio-freight/lenis/-/lenis-0.2.26.tgz",
      "integrity": "sha512-UNTJgO5jhS/5wnBbY7MAt8F4bx21yjI/oxIrLDPVcJ2SOMgRl+naPh2EHe8P/S3x22QLkBDu0L/6739EnDkDSg==",
      "requires": {
        "tiny-emitter": "^2.1.0",
        "virtual-scroll": "^2.2.1"
      }
    },
    "tiny-emitter": {
      "version": "2.1.0",
      "resolved": "https://registry.npmjs.org/tiny-emitter/-/tiny-emitter-2.1.0.tgz",
      "integrity": "sha512-NB6Dk1A9xgQPMoGqC5CVXn123gWyte215ONT5Pp5a0yt4nlEoO1ZWeCwpncaekPHXO60i47ihFnZPiRPjRMq4Q=="
    },
    "virtual-scroll": {
      "version": "2.2.1",
      "resolved": "https://registry.npmjs.org/virtual-scroll/-/virtual-scroll-2.2.1.tgz",
      "integrity": "sha512-RvjcLxluh7B/6GPzLgQ9d0NYG4yqEguTc3MU7AvxyPVltuo2Cq5RokTL9RKUaZCMJ64in2hus0d03gTtoHp55g==",
      "requires": {
        "tiny-emitter": "^2.1.0"
      }
    }
  }
}
